// !$*UTF8*$!
{
	archiveVersion = 1;
	classes = {
	};
	objectVersion = 46;
	objects = {

/* Begin PBXBuildFile section */
		BB4ECF8A1ADEFBC9005D7009 /* libSVGKit-iOS.1.2.0.a in Frameworks */ = {isa = PBXBuildFile; fileRef = BB4ECF851ADEFBBB005D7009 /* libSVGKit-iOS.1.2.0.a */; };
		BBC9788C1AF1724500AD23F4 /* libxml2.2.dylib in Frameworks */ = {isa = PBXBuildFile; fileRef = BBC9788B1AF1724500AD23F4 /* libxml2.2.dylib */; };
		BBC9788E1AF1725800AD23F4 /* CoreGraphics.framework in Frameworks */ = {isa = PBXBuildFile; fileRef = BBC9788D1AF1725800AD23F4 /* CoreGraphics.framework */; };
		BBD49E3F1AC8DEF000610F8E /* RNSvg.m in Sources */ = {isa = PBXBuildFile; fileRef = BBD49E3A1AC8DEF000610F8E /* RNSvg.m */; };
		BBD49E401AC8DEF000610F8E /* RNSvgManager.m in Sources */ = {isa = PBXBuildFile; fileRef = BBD49E3C1AC8DEF000610F8E /* RNSvgManager.m */; };
/* End PBXBuildFile section */

/* Begin PBXContainerItemProxy section */
		BB4ECF841ADEFBBB005D7009 /* PBXContainerItemProxy */ = {
			isa = PBXContainerItemProxy;
			containerPortal = BB4ECF7E1ADEFBBB005D7009 /* SVGKit-iOS.xcodeproj */;
			proxyType = 2;
			remoteGlobalIDString = 6639618E16145D0400E58CCA;
			remoteInfo = "SVGKit-iOS";
		};
		BB4ECF861ADEFBBB005D7009 /* PBXContainerItemProxy */ = {
			isa = PBXContainerItemProxy;
			containerPortal = BB4ECF7E1ADEFBBB005D7009 /* SVGKit-iOS.xcodeproj */;
			proxyType = 2;
			remoteGlobalIDString = 55452BF119EC68A200B75A30;
			remoteInfo = "SVGKit-iOS Tests";
		};
/* End PBXContainerItemProxy section */

/* Begin PBXCopyFilesBuildPhase section */
		58B511D91A9E6C8500147676 /* CopyFiles */ = {
			isa = PBXCopyFilesBuildPhase;
			buildActionMask = 2147483647;
			dstPath = "include/$(PRODUCT_NAME)";
			dstSubfolderSpec = 16;
			files = (
			);
			runOnlyForDeploymentPostprocessing = 0;
		};
/* End PBXCopyFilesBuildPhase section */

/* Begin PBXFileReference section */
		134814201AA4EA6300B7C361 /* libRNSvg.a */ = {isa = PBXFileReference; explicitFileType = archive.ar; includeInIndex = 0; path = libRNSvg.a; sourceTree = BUILT_PRODUCTS_DIR; };
		BB4ECF7E1ADEFBBB005D7009 /* SVGKit-iOS.xcodeproj */ = {isa = PBXFileReference; lastKnownFileType = "wrapper.pb-project"; name = "SVGKit-iOS.xcodeproj"; path = "SVGKit/SVGKit-iOS.xcodeproj"; sourceTree = "<group>"; };
		BB4ECF951ADEFD95005D7009 /* logo.svg */ = {isa = PBXFileReference; fileEncoding = 4; lastKnownFileType = text.xml; path = logo.svg; sourceTree = "<group>"; };
		BBC9788B1AF1724500AD23F4 /* libxml2.2.dylib */ = {isa = PBXFileReference; lastKnownFileType = "compiled.mach-o.dylib"; name = libxml2.2.dylib; path = /Applications/Xcode.app/Contents/Developer/Platforms/iPhoneOS.platform/Developer/SDKs/iPhoneOS8.3.sdk/usr/lib/libxml2.2.dylib; sourceTree = "<absolute>"; };
		BBC9788D1AF1725800AD23F4 /* CoreGraphics.framework */ = {isa = PBXFileReference; lastKnownFileType = wrapper.framework; name = CoreGraphics.framework; path = System/Library/Frameworks/CoreGraphics.framework; sourceTree = SDKROOT; };
		BBD49E391AC8DEF000610F8E /* RNSvg.h */ = {isa = PBXFileReference; fileEncoding = 4; lastKnownFileType = sourcecode.c.h; path = RNSvg.h; sourceTree = "<group>"; };
		BBD49E3A1AC8DEF000610F8E /* RNSvg.m */ = {isa = PBXFileReference; fileEncoding = 4; indentWidth = 2; lastKnownFileType = sourcecode.c.objc; path = RNSvg.m; sourceTree = "<group>"; tabWidth = 2; };
		BBD49E3B1AC8DEF000610F8E /* RNSvgManager.h */ = {isa = PBXFileReference; fileEncoding = 4; lastKnownFileType = sourcecode.c.h; path = RNSvgManager.h; sourceTree = "<group>"; };
		BBD49E3C1AC8DEF000610F8E /* RNSvgManager.m */ = {isa = PBXFileReference; fileEncoding = 4; lastKnownFileType = sourcecode.c.objc; path = RNSvgManager.m; sourceTree = "<group>"; };
/* End PBXFileReference section */

/* Begin PBXFrameworksBuildPhase section */
		58B511D81A9E6C8500147676 /* Frameworks */ = {
			isa = PBXFrameworksBuildPhase;
			buildActionMask = 2147483647;
			files = (
				BBC9788E1AF1725800AD23F4 /* CoreGraphics.framework in Frameworks */,
				BB4ECF8A1ADEFBC9005D7009 /* libSVGKit-iOS.1.2.0.a in Frameworks */,
				BBC9788C1AF1724500AD23F4 /* libxml2.2.dylib in Frameworks */,
			);
			runOnlyForDeploymentPostprocessing = 0;
		};
/* End PBXFrameworksBuildPhase section */

/* Begin PBXGroup section */
		134814211AA4EA7D00B7C361 /* Products */ = {
			isa = PBXGroup;
			children = (
				134814201AA4EA6300B7C361 /* libRNSvg.a */,
			);
			name = Products;
			sourceTree = "<group>";
		};
		58B511D21A9E6C8500147676 = {
			isa = PBXGroup;
			children = (
				BBC9788D1AF1725800AD23F4 /* CoreGraphics.framework */,
				BBC9788B1AF1724500AD23F4 /* libxml2.2.dylib */,
				BB4ECF951ADEFD95005D7009 /* logo.svg */,
				BBD49E391AC8DEF000610F8E /* RNSvg.h */,
				BBD49E3A1AC8DEF000610F8E /* RNSvg.m */,
				BBD49E3B1AC8DEF000610F8E /* RNSvgManager.h */,
				BBD49E3C1AC8DEF000610F8E /* RNSvgManager.m */,
				BB4ECF7E1ADEFBBB005D7009 /* SVGKit-iOS.xcodeproj */,
				134814211AA4EA7D00B7C361 /* Products */,
			);
			sourceTree = "<group>";
		};
		BB4ECF7F1ADEFBBB005D7009 /* Products */ = {
			isa = PBXGroup;
			children = (
				BB4ECF851ADEFBBB005D7009 /* libSVGKit-iOS.1.2.0.a */,
				BB4ECF871ADEFBBB005D7009 /* SVGKit-iOS Tests.xctest */,
			);
			name = Products;
			sourceTree = "<group>";
		};
/* End PBXGroup section */

/* Begin PBXNativeTarget section */
		58B511DA1A9E6C8500147676 /* RNSvg */ = {
			isa = PBXNativeTarget;
			buildConfigurationList = 58B511EF1A9E6C8500147676 /* Build configuration list for PBXNativeTarget "RNSvg" */;
			buildPhases = (
				58B511D71A9E6C8500147676 /* Sources */,
				58B511D81A9E6C8500147676 /* Frameworks */,
				58B511D91A9E6C8500147676 /* CopyFiles */,
			);
			buildRules = (
			);
			dependencies = (
			);
			name = RNSvg;
			productName = RCTDataManager;
			productReference = 134814201AA4EA6300B7C361 /* libRNSvg.a */;
			productType = "com.apple.product-type.library.static";
		};
/* End PBXNativeTarget section */

/* Begin PBXProject section */
		58B511D31A9E6C8500147676 /* Project object */ = {
			isa = PBXProject;
			attributes = {
				LastUpgradeCheck = 0610;
				ORGANIZATIONNAME = Facebook;
				TargetAttributes = {
					58B511DA1A9E6C8500147676 = {
						CreatedOnToolsVersion = 6.1.1;
					};
				};
			};
			buildConfigurationList = 58B511D61A9E6C8500147676 /* Build configuration list for PBXProject "RNSvg" */;
			compatibilityVersion = "Xcode 3.2";
			developmentRegion = English;
			hasScannedForEncodings = 0;
			knownRegions = (
				en,
			);
			mainGroup = 58B511D21A9E6C8500147676;
			productRefGroup = 58B511D21A9E6C8500147676;
			projectDirPath = "";
			projectReferences = (
				{
					ProductGroup = BB4ECF7F1ADEFBBB005D7009 /* Products */;
					ProjectRef = BB4ECF7E1ADEFBBB005D7009 /* SVGKit-iOS.xcodeproj */;
				},
			);
			projectRoot = "";
			targets = (
				58B511DA1A9E6C8500147676 /* RNSvg */,
			);
		};
/* End PBXProject section */

/* Begin PBXReferenceProxy section */
		BB4ECF851ADEFBBB005D7009 /* libSVGKit-iOS.1.2.0.a */ = {
			isa = PBXReferenceProxy;
			fileType = archive.ar;
			path = "libSVGKit-iOS.1.2.0.a";
			remoteRef = BB4ECF841ADEFBBB005D7009 /* PBXContainerItemProxy */;
			sourceTree = BUILT_PRODUCTS_DIR;
		};
		BB4ECF871ADEFBBB005D7009 /* SVGKit-iOS Tests.xctest */ = {
			isa = PBXReferenceProxy;
			fileType = wrapper.cfbundle;
			path = "SVGKit-iOS Tests.xctest";
			remoteRef = BB4ECF861ADEFBBB005D7009 /* PBXContainerItemProxy */;
			sourceTree = BUILT_PRODUCTS_DIR;
		};
/* End PBXReferenceProxy section */

/* Begin PBXSourcesBuildPhase section */
		58B511D71A9E6C8500147676 /* Sources */ = {
			isa = PBXSourcesBuildPhase;
			buildActionMask = 2147483647;
			files = (
				BBD49E3F1AC8DEF000610F8E /* RNSvg.m in Sources */,
				BBD49E401AC8DEF000610F8E /* RNSvgManager.m in Sources */,
			);
			runOnlyForDeploymentPostprocessing = 0;
		};
/* End PBXSourcesBuildPhase section */

/* Begin XCBuildConfiguration section */
		58B511ED1A9E6C8500147676 /* Debug */ = {
			isa = XCBuildConfiguration;
			buildSettings = {
				ALWAYS_SEARCH_USER_PATHS = NO;
				CLANG_CXX_LANGUAGE_STANDARD = "gnu++0x";
				CLANG_CXX_LIBRARY = "libc++";
				CLANG_ENABLE_MODULES = YES;
				CLANG_ENABLE_OBJC_ARC = YES;
				CLANG_WARN_BOOL_CONVERSION = YES;
				CLANG_WARN_CONSTANT_CONVERSION = YES;
				CLANG_WARN_DIRECT_OBJC_ISA_USAGE = YES_ERROR;
				CLANG_WARN_EMPTY_BODY = YES;
				CLANG_WARN_ENUM_CONVERSION = YES;
				CLANG_WARN_INT_CONVERSION = YES;
				CLANG_WARN_OBJC_ROOT_CLASS = YES_ERROR;
				CLANG_WARN_UNREACHABLE_CODE = YES;
				CLANG_WARN__DUPLICATE_METHOD_MATCH = YES;
				COPY_PHASE_STRIP = NO;
				ENABLE_STRICT_OBJC_MSGSEND = YES;
				GCC_C_LANGUAGE_STANDARD = gnu99;
				GCC_DYNAMIC_NO_PIC = NO;
				GCC_OPTIMIZATION_LEVEL = 0;
				GCC_PREPROCESSOR_DEFINITIONS = (
					"DEBUG=1",
					"$(inherited)",
				);
				GCC_SYMBOLS_PRIVATE_EXTERN = NO;
				GCC_WARN_64_TO_32_BIT_CONVERSION = YES;
				GCC_WARN_ABOUT_RETURN_TYPE = YES_ERROR;
				GCC_WARN_UNDECLARED_SELECTOR = YES;
				GCC_WARN_UNINITIALIZED_AUTOS = YES_AGGRESSIVE;
				GCC_WARN_UNUSED_FUNCTION = YES;
				GCC_WARN_UNUSED_VARIABLE = YES;
				IPHONEOS_DEPLOYMENT_TARGET = 7.0;
				MTL_ENABLE_DEBUG_INFO = YES;
				ONLY_ACTIVE_ARCH = YES;
				SDKROOT = iphoneos;
			};
			name = Debug;
		};
		58B511EE1A9E6C8500147676 /* Release */ = {
			isa = XCBuildConfiguration;
			buildSettings = {
				ALWAYS_SEARCH_USER_PATHS = NO;
				CLANG_CXX_LANGUAGE_STANDARD = "gnu++0x";
				CLANG_CXX_LIBRARY = "libc++";
				CLANG_ENABLE_MODULES = YES;
				CLANG_ENABLE_OBJC_ARC = YES;
				CLANG_WARN_BOOL_CONVERSION = YES;
				CLANG_WARN_CONSTANT_CONVERSION = YES;
				CLANG_WARN_DIRECT_OBJC_ISA_USAGE = YES_ERROR;
				CLANG_WARN_EMPTY_BODY = YES;
				CLANG_WARN_ENUM_CONVERSION = YES;
				CLANG_WARN_INT_CONVERSION = YES;
				CLANG_WARN_OBJC_ROOT_CLASS = YES_ERROR;
				CLANG_WARN_UNREACHABLE_CODE = YES;
				CLANG_WARN__DUPLICATE_METHOD_MATCH = YES;
				COPY_PHASE_STRIP = YES;
				ENABLE_NS_ASSERTIONS = NO;
				ENABLE_STRICT_OBJC_MSGSEND = YES;
				GCC_C_LANGUAGE_STANDARD = gnu99;
				GCC_WARN_64_TO_32_BIT_CONVERSION = YES;
				GCC_WARN_ABOUT_RETURN_TYPE = YES_ERROR;
				GCC_WARN_UNDECLARED_SELECTOR = YES;
				GCC_WARN_UNINITIALIZED_AUTOS = YES_AGGRESSIVE;
				GCC_WARN_UNUSED_FUNCTION = YES;
				GCC_WARN_UNUSED_VARIABLE = YES;
				IPHONEOS_DEPLOYMENT_TARGET = 7.0;
				MTL_ENABLE_DEBUG_INFO = NO;
				SDKROOT = iphoneos;
				VALIDATE_PRODUCT = YES;
			};
			name = Release;
		};
		58B511F01A9E6C8500147676 /* Debug */ = {
			isa = XCBuildConfiguration;
			buildSettings = {
				HEADER_SEARCH_PATHS = (
					"$(inherited)",
					/Applications/Xcode.app/Contents/Developer/Toolchains/XcodeDefault.xctoolchain/usr/include,
					"$(SRCROOT)/../../React/**",
					"$(SRCROOT)/../react-native/React/**",
					"$(SRCROOT)/../node_modules/react-native/React/**",
					"$(SRCROOT)/SVGKit/**",
					"$(SRCROOT)/../../react-native/React/**",
				);
				LIBRARY_SEARCH_PATHS = (
					"$(inherited)",
					"$(PROJECT_DIR)/SVGKit/build/SVGKit-iOS.build/Debug-iphoneos/SVGKit-iOS.build/Objects-normal/arm64",
					"$(PROJECT_DIR)/SVGKit/build/SVGKit-iOS.build/Debug-iphoneos/SVGKit-iOS.build/Objects-normal/armv7",
					"$(PROJECT_DIR)/SVGKit/Source/Vendor/CocoaLumberjack/Framework/Mobile/build/Lumberjack.build/Debug-iphoneos/CocoaLumberjack.build/Objects-normal/arm64",
					"$(PROJECT_DIR)/SVGKit/Source/Vendor/CocoaLumberjack/Framework/Mobile/build/Lumberjack.build/Debug-iphoneos/CocoaLumberjack.build/Objects-normal/armv7",
					"$(PROJECT_DIR)/SVGKit/Source/Vendor/CocoaLumberjack/Framework/Mobile/build/Debug-iphoneos",
				);
				OTHER_LDFLAGS = "-ObjC";
				PRODUCT_NAME = RNSvg;
				SKIP_INSTALL = YES;
			};
			name = Debug;
		};
		58B511F11A9E6C8500147676 /* Release */ = {
			isa = XCBuildConfiguration;
			buildSettings = {
				HEADER_SEARCH_PATHS = (
					"$(inherited)",
					/Applications/Xcode.app/Contents/Developer/Toolchains/XcodeDefault.xctoolchain/usr/include,
					"$(SRCROOT)/../../React/**",
					"$(SRCROOT)/../react-native/React/**",
					"$(SRCROOT)/../node_modules/react-native/React/**",
					"$(SRCROOT)/SVGKit/**",
					"$(SRCROOT)/../../react-native/React/**",
				);
				LIBRARY_SEARCH_PATHS = (
					"$(inherited)",
					"$(PROJECT_DIR)/SVGKit/build/SVGKit-iOS.build/Debug-iphoneos/SVGKit-iOS.build/Objects-normal/arm64",
					"$(PROJECT_DIR)/SVGKit/build/SVGKit-iOS.build/Debug-iphoneos/SVGKit-iOS.build/Objects-normal/armv7",
					"$(PROJECT_DIR)/SVGKit/Source/Vendor/CocoaLumberjack/Framework/Mobile/build/Lumberjack.build/Debug-iphoneos/CocoaLumberjack.build/Objects-normal/arm64",
					"$(PROJECT_DIR)/SVGKit/Source/Vendor/CocoaLumberjack/Framework/Mobile/build/Lumberjack.build/Debug-iphoneos/CocoaLumberjack.build/Objects-normal/armv7",
					"$(PROJECT_DIR)/SVGKit/Source/Vendor/CocoaLumberjack/Framework/Mobile/build/Debug-iphoneos",
				);
				OTHER_LDFLAGS = "-ObjC";
				PRODUCT_NAME = RNSvg;
				SKIP_INSTALL = YES;
			};
			name = Release;
		};
/* End XCBuildConfiguration section */

/* Begin XCConfigurationList section */
		58B511D61A9E6C8500147676 /* Build configuration list for PBXProject "RNSvg" */ = {
			isa = XCConfigurationList;
			buildConfigurations = (
				58B511ED1A9E6C8500147676 /* Debug */,
				58B511EE1A9E6C8500147676 /* Release */,
			);
			defaultConfigurationIsVisible = 0;
			defaultConfigurationName = Release;
		};
		58B511EF1A9E6C8500147676 /* Build configuration list for PBXNativeTarget "RNSvg" */ = {
			isa = XCConfigurationList;
			buildConfigurations = (
				58B511F01A9E6C8500147676 /* Debug */,
				58B511F11A9E6C8500147676 /* Release */,
			);
			defaultConfigurationIsVisible = 0;
			defaultConfigurationName = Release;
		};
/* End XCConfigurationList section */
	};
	rootObject = 58B511D31A9E6C8500147676 /* Project object */;
}
